// !$*UTF8*$!
{
	archiveVersion = 1;
	classes = {
	};
	objectVersion = 46;
	objects = {

/* Begin PBXBuildFile section */
		7200CCBA1C8E74AB00D47ED8 /* darktech_ldr.ttf in Resources */ = {isa = PBXBuildFile; fileRef = 7200CCB91C8E74AB00D47ED8 /* darktech_ldr.ttf */; };
		7200CCBC1C8E757900D47ED8 /* Geomancy - Extra Bold.otf in Resources */ = {isa = PBXBuildFile; fileRef = 7200CCBB1C8E757900D47ED8 /* Geomancy - Extra Bold.otf */; };
		72C63F841C7979FA009F4B1B /* AppDelegate.swift in Sources */ = {isa = PBXBuildFile; fileRef = 72C63F831C7979FA009F4B1B /* AppDelegate.swift */; };
		72C63F861C7979FA009F4B1B /* GameplayController.swift in Sources */ = {isa = PBXBuildFile; fileRef = 72C63F851C7979FA009F4B1B /* GameplayController.swift */; };
		72C63F891C7979FA009F4B1B /* Main.storyboard in Resources */ = {isa = PBXBuildFile; fileRef = 72C63F871C7979FA009F4B1B /* Main.storyboard */; };
		72C63F8B1C7979FA009F4B1B /* Assets.xcassets in Resources */ = {isa = PBXBuildFile; fileRef = 72C63F8A1C7979FA009F4B1B /* Assets.xcassets */; };
		72C63F8E1C7979FA009F4B1B /* LaunchScreen.storyboard in Resources */ = {isa = PBXBuildFile; fileRef = 72C63F8C1C7979FA009F4B1B /* LaunchScreen.storyboard */; };
		72C63F991C7979FA009F4B1B /* TicTacToeTests.swift in Sources */ = {isa = PBXBuildFile; fileRef = 72C63F981C7979FA009F4B1B /* TicTacToeTests.swift */; };
		72C63FA41C7979FB009F4B1B /* TicTacToeUITests.swift in Sources */ = {isa = PBXBuildFile; fileRef = 72C63FA31C7979FB009F4B1B /* TicTacToeUITests.swift */; };
		72C63FB21C7B933B009F4B1B /* SetupController.swift in Sources */ = {isa = PBXBuildFile; fileRef = 72C63FB11C7B933B009F4B1B /* SetupController.swift */; };
/* End PBXBuildFile section */

/* Begin PBXContainerItemProxy section */
		72C63F951C7979FA009F4B1B /* PBXContainerItemProxy */ = {
			isa = PBXContainerItemProxy;
			containerPortal = 72C63F781C7979FA009F4B1B /* Project object */;
			proxyType = 1;
			remoteGlobalIDString = 72C63F7F1C7979FA009F4B1B;
			remoteInfo = TicTacToe;
		};
		72C63FA01C7979FB009F4B1B /* PBXContainerItemProxy */ = {
			isa = PBXContainerItemProxy;
			containerPortal = 72C63F781C7979FA009F4B1B /* Project object */;
			proxyType = 1;
			remoteGlobalIDString = 72C63F7F1C7979FA009F4B1B;
			remoteInfo = TicTacToe;
		};
/* End PBXContainerItemProxy section */

/* Begin PBXFileReference section */
		7200CCB91C8E74AB00D47ED8 /* darktech_ldr.ttf */ = {isa = PBXFileReference; lastKnownFileType = file; path = darktech_ldr.ttf; sourceTree = "<group>"; };
		7200CCBB1C8E757900D47ED8 /* Geomancy - Extra Bold.otf */ = {isa = PBXFileReference; lastKnownFileType = file; path = "Geomancy - Extra Bold.otf"; sourceTree = "<group>"; };
		72C63F801C7979FA009F4B1B /* TicTacToe.app */ = {isa = PBXFileReference; explicitFileType = wrapper.application; includeInIndex = 0; path = TicTacToe.app; sourceTree = BUILT_PRODUCTS_DIR; };
		72C63F831C7979FA009F4B1B /* AppDelegate.swift */ = {isa = PBXFileReference; lastKnownFileType = sourcecode.swift; path = AppDelegate.swift; sourceTree = "<group>"; };
		72C63F851C7979FA009F4B1B /* GameplayController.swift */ = {isa = PBXFileReference; lastKnownFileType = sourcecode.swift; path = GameplayController.swift; sourceTree = "<group>"; };
		72C63F881C7979FA009F4B1B /* Base */ = {isa = PBXFileReference; lastKnownFileType = file.storyboard; name = Base; path = Base.lproj/Main.storyboard; sourceTree = "<group>"; };
		72C63F8A1C7979FA009F4B1B /* Assets.xcassets */ = {isa = PBXFileReference; lastKnownFileType = folder.assetcatalog; path = Assets.xcassets; sourceTree = "<group>"; };
		72C63F8D1C7979FA009F4B1B /* Base */ = {isa = PBXFileReference; lastKnownFileType = file.storyboard; name = Base; path = Base.lproj/LaunchScreen.storyboard; sourceTree = "<group>"; };
		72C63F8F1C7979FA009F4B1B /* Info.plist */ = {isa = PBXFileReference; lastKnownFileType = text.plist.xml; path = Info.plist; sourceTree = "<group>"; };
		72C63F941C7979FA009F4B1B /* TicTacToeTests.xctest */ = {isa = PBXFileReference; explicitFileType = wrapper.cfbundle; includeInIndex = 0; path = TicTacToeTests.xctest; sourceTree = BUILT_PRODUCTS_DIR; };
		72C63F981C7979FA009F4B1B /* TicTacToeTests.swift */ = {isa = PBXFileReference; lastKnownFileType = sourcecode.swift; path = TicTacToeTests.swift; sourceTree = "<group>"; };
		72C63F9A1C7979FB009F4B1B /* Info.plist */ = {isa = PBXFileReference; lastKnownFileType = text.plist.xml; path = Info.plist; sourceTree = "<group>"; };
		72C63F9F1C7979FB009F4B1B /* TicTacToeUITests.xctest */ = {isa = PBXFileReference; explicitFileType = wrapper.cfbundle; includeInIndex = 0; path = TicTacToeUITests.xctest; sourceTree = BUILT_PRODUCTS_DIR; };
		72C63FA31C7979FB009F4B1B /* TicTacToeUITests.swift */ = {isa = PBXFileReference; lastKnownFileType = sourcecode.swift; path = TicTacToeUITests.swift; sourceTree = "<group>"; };
		72C63FA51C7979FB009F4B1B /* Info.plist */ = {isa = PBXFileReference; lastKnownFileType = text.plist.xml; path = Info.plist; sourceTree = "<group>"; };
		72C63FB11C7B933B009F4B1B /* SetupController.swift */ = {isa = PBXFileReference; fileEncoding = 4; lastKnownFileType = sourcecode.swift; path = SetupController.swift; sourceTree = "<group>"; };
/* End PBXFileReference section */

/* Begin PBXFrameworksBuildPhase section */
		72C63F7D1C7979FA009F4B1B /* Frameworks */ = {
			isa = PBXFrameworksBuildPhase;
			buildActionMask = 2147483647;
			files = (
			);
			runOnlyForDeploymentPostprocessing = 0;
		};
		72C63F911C7979FA009F4B1B /* Frameworks */ = {
			isa = PBXFrameworksBuildPhase;
			buildActionMask = 2147483647;
			files = (
			);
			runOnlyForDeploymentPostprocessing = 0;
		};
		72C63F9C1C7979FB009F4B1B /* Frameworks */ = {
			isa = PBXFrameworksBuildPhase;
			buildActionMask = 2147483647;
			files = (
			);
			runOnlyForDeploymentPostprocessing = 0;
		};
/* End PBXFrameworksBuildPhase section */

/* Begin PBXGroup section */
		72C63F771C7979FA009F4B1B = {
			isa = PBXGroup;
			children = (
				72C63F821C7979FA009F4B1B /* TicTacToe */,
				72C63F971C7979FA009F4B1B /* TicTacToeTests */,
				72C63FA21C7979FB009F4B1B /* TicTacToeUITests */,
				72C63F811C7979FA009F4B1B /* Products */,
			);
			sourceTree = "<group>";
		};
		72C63F811C7979FA009F4B1B /* Products */ = {
			isa = PBXGroup;
			children = (
				72C63F801C7979FA009F4B1B /* TicTacToe.app */,
				72C63F941C7979FA009F4B1B /* TicTacToeTests.xctest */,
				72C63F9F1C7979FB009F4B1B /* TicTacToeUITests.xctest */,
			);
			name = Products;
			sourceTree = "<group>";
		};
		72C63F821C7979FA009F4B1B /* TicTacToe */ = {
			isa = PBXGroup;
			children = (
				72C63F831C7979FA009F4B1B /* AppDelegate.swift */,
				72C63F851C7979FA009F4B1B /* GameplayController.swift */,
				72C63F871C7979FA009F4B1B /* Main.storyboard */,
				72C63FB11C7B933B009F4B1B /* SetupController.swift */,
				72C63F8A1C7979FA009F4B1B /* Assets.xcassets */,
				72C63F8C1C7979FA009F4B1B /* LaunchScreen.storyboard */,
				72C63F8F1C7979FA009F4B1B /* Info.plist */,
				7200CCB91C8E74AB00D47ED8 /* darktech_ldr.ttf */,
				7200CCBB1C8E757900D47ED8 /* Geomancy - Extra Bold.otf */,
			);
			path = TicTacToe;
			sourceTree = "<group>";
		};
		72C63F971C7979FA009F4B1B /* TicTacToeTests */ = {
			isa = PBXGroup;
			children = (
				72C63F981C7979FA009F4B1B /* TicTacToeTests.swift */,
				72C63F9A1C7979FB009F4B1B /* Info.plist */,
			);
			path = TicTacToeTests;
			sourceTree = "<group>";
		};
		72C63FA21C7979FB009F4B1B /* TicTacToeUITests */ = {
			isa = PBXGroup;
			children = (
				72C63FA31C7979FB009F4B1B /* TicTacToeUITests.swift */,
				72C63FA51C7979FB009F4B1B /* Info.plist */,
			);
			path = TicTacToeUITests;
			sourceTree = "<group>";
		};
/* End PBXGroup section */

/* Begin PBXNativeTarget section */
		72C63F7F1C7979FA009F4B1B /* TicTacToe */ = {
			isa = PBXNativeTarget;
			buildConfigurationList = 72C63FA81C7979FB009F4B1B /* Build configuration list for PBXNativeTarget "TicTacToe" */;
			buildPhases = (
				72C63F7C1C7979FA009F4B1B /* Sources */,
				72C63F7D1C7979FA009F4B1B /* Frameworks */,
				72C63F7E1C7979FA009F4B1B /* Resources */,
			);
			buildRules = (
			);
			dependencies = (
			);
			name = TicTacToe;
			productName = TicTacToe;
			productReference = 72C63F801C7979FA009F4B1B /* TicTacToe.app */;
			productType = "com.apple.product-type.application";
		};
		72C63F931C7979FA009F4B1B /* TicTacToeTests */ = {
			isa = PBXNativeTarget;
			buildConfigurationList = 72C63FAB1C7979FB009F4B1B /* Build configuration list for PBXNativeTarget "TicTacToeTests" */;
			buildPhases = (
				72C63F901C7979FA009F4B1B /* Sources */,
				72C63F911C7979FA009F4B1B /* Frameworks */,
				72C63F921C7979FA009F4B1B /* Resources */,
			);
			buildRules = (
			);
			dependencies = (
				72C63F961C7979FA009F4B1B /* PBXTargetDependency */,
			);
			name = TicTacToeTests;
			productName = TicTacToeTests;
			productReference = 72C63F941C7979FA009F4B1B /* TicTacToeTests.xctest */;
			productType = "com.apple.product-type.bundle.unit-test";
		};
		72C63F9E1C7979FB009F4B1B /* TicTacToeUITests */ = {
			isa = PBXNativeTarget;
			buildConfigurationList = 72C63FAE1C7979FB009F4B1B /* Build configuration list for PBXNativeTarget "TicTacToeUITests" */;
			buildPhases = (
				72C63F9B1C7979FB009F4B1B /* Sources */,
				72C63F9C1C7979FB009F4B1B /* Frameworks */,
				72C63F9D1C7979FB009F4B1B /* Resources */,
			);
			buildRules = (
			);
			dependencies = (
				72C63FA11C7979FB009F4B1B /* PBXTargetDependency */,
			);
			name = TicTacToeUITests;
			productName = TicTacToeUITests;
			productReference = 72C63F9F1C7979FB009F4B1B /* TicTacToeUITests.xctest */;
			productType = "com.apple.product-type.bundle.ui-testing";
		};
/* End PBXNativeTarget section */

/* Begin PBXProject section */
		72C63F781C7979FA009F4B1B /* Project object */ = {
			isa = PBXProject;
			attributes = {
				LastSwiftUpdateCheck = 0720;
				LastUpgradeCheck = 0720;
				ORGANIZATIONNAME = "Ian Howe";
				TargetAttributes = {
					72C63F7F1C7979FA009F4B1B = {
						CreatedOnToolsVersion = 7.2;
						DevelopmentTeam = 2L8NJC9292;
					};
					72C63F931C7979FA009F4B1B = {
						CreatedOnToolsVersion = 7.2;
						DevelopmentTeam = 2WGXWPLJYK;
						TestTargetID = 72C63F7F1C7979FA009F4B1B;
					};
					72C63F9E1C7979FB009F4B1B = {
						CreatedOnToolsVersion = 7.2;
						DevelopmentTeam = 2WGXWPLJYK;
						TestTargetID = 72C63F7F1C7979FA009F4B1B;
					};
				};
			};
			buildConfigurationList = 72C63F7B1C7979FA009F4B1B /* Build configuration list for PBXProject "TicTacToe" */;
			compatibilityVersion = "Xcode 3.2";
			developmentRegion = English;
			hasScannedForEncodings = 0;
			knownRegions = (
				en,
				Base,
			);
			mainGroup = 72C63F771C7979FA009F4B1B;
			productRefGroup = 72C63F811C7979FA009F4B1B /* Products */;
			projectDirPath = "";
			projectRoot = "";
			targets = (
				72C63F7F1C7979FA009F4B1B /* TicTacToe */,
				72C63F931C7979FA009F4B1B /* TicTacToeTests */,
				72C63F9E1C7979FB009F4B1B /* TicTacToeUITests */,
			);
		};
/* End PBXProject section */

/* Begin PBXResourcesBuildPhase section */
		72C63F7E1C7979FA009F4B1B /* Resources */ = {
			isa = PBXResourcesBuildPhase;
			buildActionMask = 2147483647;
			files = (
				7200CCBC1C8E757900D47ED8 /* Geomancy - Extra Bold.otf in Resources */,
				72C63F8E1C7979FA009F4B1B /* LaunchScreen.storyboard in Resources */,
				72C63F8B1C7979FA009F4B1B /* Assets.xcassets in Resources */,
				72C63F891C7979FA009F4B1B /* Main.storyboard in Resources */,
				7200CCBA1C8E74AB00D47ED8 /* darktech_ldr.ttf in Resources */,
			);
			runOnlyForDeploymentPostprocessing = 0;
		};
		72C63F921C7979FA009F4B1B /* Resources */ = {
			isa = PBXResourcesBuildPhase;
			buildActionMask = 2147483647;
			files = (
			);
			runOnlyForDeploymentPostprocessing = 0;
		};
		72C63F9D1C7979FB009F4B1B /* Resources */ = {
			isa = PBXResourcesBuildPhase;
			buildActionMask = 2147483647;
			files = (
			);
			runOnlyForDeploymentPostprocessing = 0;
		};
/* End PBXResourcesBuildPhase section */

/* Begin PBXSourcesBuildPhase section */
		72C63F7C1C7979FA009F4B1B /* Sources */ = {
			isa = PBXSourcesBuildPhase;
			buildActionMask = 2147483647;
			files = (
				72C63FB21C7B933B009F4B1B /* SetupController.swift in Sources */,
				72C63F861C7979FA009F4B1B /* GameplayController.swift in Sources */,
				72C63F841C7979FA009F4B1B /* AppDelegate.swift in Sources */,
			);
			runOnlyForDeploymentPostprocessing = 0;
		};
		72C63F901C7979FA009F4B1B /* Sources */ = {
			isa = PBXSourcesBuildPhase;
			buildActionMask = 2147483647;
			files = (
				72C63F991C7979FA009F4B1B /* TicTacToeTests.swift in Sources */,
			);
			runOnlyForDeploymentPostprocessing = 0;
		};
		72C63F9B1C7979FB009F4B1B /* Sources */ = {
			isa = PBXSourcesBuildPhase;
			buildActionMask = 2147483647;
			files = (
				72C63FA41C7979FB009F4B1B /* TicTacToeUITests.swift in Sources */,
			);
			runOnlyForDeploymentPostprocessing = 0;
		};
/* End PBXSourcesBuildPhase section */

/* Begin PBXTargetDependency section */
		72C63F961C7979FA009F4B1B /* PBXTargetDependency */ = {
			isa = PBXTargetDependency;
			target = 72C63F7F1C7979FA009F4B1B /* TicTacToe */;
			targetProxy = 72C63F951C7979FA009F4B1B /* PBXContainerItemProxy */;
		};
		72C63FA11C7979FB009F4B1B /* PBXTargetDependency */ = {
			isa = PBXTargetDependency;
			target = 72C63F7F1C7979FA009F4B1B /* TicTacToe */;
			targetProxy = 72C63FA01C7979FB009F4B1B /* PBXContainerItemProxy */;
		};
/* End PBXTargetDependency section */

/* Begin PBXVariantGroup section */
		72C63F871C7979FA009F4B1B /* Main.storyboard */ = {
			isa = PBXVariantGroup;
			children = (
				72C63F881C7979FA009F4B1B /* Base */,
			);
			name = Main.storyboard;
			sourceTree = "<group>";
		};
		72C63F8C1C7979FA009F4B1B /* LaunchScreen.storyboard */ = {
			isa = PBXVariantGroup;
			children = (
				72C63F8D1C7979FA009F4B1B /* Base */,
			);
			name = LaunchScreen.storyboard;
			sourceTree = "<group>";
		};
/* End PBXVariantGroup section */

/* Begin XCBuildConfiguration section */
		72C63FA61C7979FB009F4B1B /* Debug */ = {
			isa = XCBuildConfiguration;
			buildSettings = {
				ALWAYS_SEARCH_USER_PATHS = NO;
				CLANG_CXX_LANGUAGE_STANDARD = "gnu++0x";
				CLANG_CXX_LIBRARY = "libc++";
				CLANG_ENABLE_MODULES = YES;
				CLANG_ENABLE_OBJC_ARC = YES;
				CLANG_WARN_BOOL_CONVERSION = YES;
				CLANG_WARN_CONSTANT_CONVERSION = YES;
				CLANG_WARN_DIRECT_OBJC_ISA_USAGE = YES_ERROR;
				CLANG_WARN_EMPTY_BODY = YES;
				CLANG_WARN_ENUM_CONVERSION = YES;
				CLANG_WARN_INT_CONVERSION = YES;
				CLANG_WARN_OBJC_ROOT_CLASS = YES_ERROR;
				CLANG_WARN_UNREACHABLE_CODE = YES;
				CLANG_WARN__DUPLICATE_METHOD_MATCH = YES;
				"CODE_SIGN_IDENTITY[sdk=iphoneos*]" = "iPhone Developer";
				COPY_PHASE_STRIP = NO;
				DEBUG_INFORMATION_FORMAT = dwarf;
				ENABLE_STRICT_OBJC_MSGSEND = YES;
				ENABLE_TESTABILITY = YES;
				GCC_C_LANGUAGE_STANDARD = gnu99;
				GCC_DYNAMIC_NO_PIC = NO;
				GCC_NO_COMMON_BLOCKS = YES;
				GCC_OPTIMIZATION_LEVEL = 0;
				GCC_PREPROCESSOR_DEFINITIONS = (
					"DEBUG=1",
					"$(inherited)",
				);
				GCC_WARN_64_TO_32_BIT_CONVERSION = YES;
				GCC_WARN_ABOUT_RETURN_TYPE = YES_ERROR;
				GCC_WARN_UNDECLARED_SELECTOR = YES;
				GCC_WARN_UNINITIALIZED_AUTOS = YES_AGGRESSIVE;
				GCC_WARN_UNUSED_FUNCTION = YES;
				GCC_WARN_UNUSED_VARIABLE = YES;
				IPHONEOS_DEPLOYMENT_TARGET = 9.2;
				MTL_ENABLE_DEBUG_INFO = YES;
				ONLY_ACTIVE_ARCH = YES;
				SDKROOT = iphoneos;
				SWIFT_OPTIMIZATION_LEVEL = "-Onone";
				TARGETED_DEVICE_FAMILY = 2;
			};
			name = Debug;
		};
		72C63FA71C7979FB009F4B1B /* Release */ = {
			isa = XCBuildConfiguration;
			buildSettings = {
				ALWAYS_SEARCH_USER_PATHS = NO;
				CLANG_CXX_LANGUAGE_STANDARD = "gnu++0x";
				CLANG_CXX_LIBRARY = "libc++";
				CLANG_ENABLE_MODULES = YES;
				CLANG_ENABLE_OBJC_ARC = YES;
				CLANG_WARN_BOOL_CONVERSION = YES;
				CLANG_WARN_CONSTANT_CONVERSION = YES;
				CLANG_WARN_DIRECT_OBJC_ISA_USAGE = YES_ERROR;
				CLANG_WARN_EMPTY_BODY = YES;
				CLANG_WARN_ENUM_CONVERSION = YES;
				CLANG_WARN_INT_CONVERSION = YES;
				CLANG_WARN_OBJC_ROOT_CLASS = YES_ERROR;
				CLANG_WARN_UNREACHABLE_CODE = YES;
				CLANG_WARN__DUPLICATE_METHOD_MATCH = YES;
				"CODE_SIGN_IDENTITY[sdk=iphoneos*]" = "iPhone Developer";
				COPY_PHASE_STRIP = NO;
				DEBUG_INFORMATION_FORMAT = "dwarf-with-dsym";
				ENABLE_NS_ASSERTIONS = NO;
				ENABLE_STRICT_OBJC_MSGSEND = YES;
				GCC_C_LANGUAGE_STANDARD = gnu99;
				GCC_NO_COMMON_BLOCKS = YES;
				GCC_WARN_64_TO_32_BIT_CONVERSION = YES;
				GCC_WARN_ABOUT_RETURN_TYPE = YES_ERROR;
				GCC_WARN_UNDECLARED_SELECTOR = YES;
				GCC_WARN_UNINITIALIZED_AUTOS = YES_AGGRESSIVE;
				GCC_WARN_UNUSED_FUNCTION = YES;
				GCC_WARN_UNUSED_VARIABLE = YES;
				IPHONEOS_DEPLOYMENT_TARGET = 9.2;
				MTL_ENABLE_DEBUG_INFO = NO;
				SDKROOT = iphoneos;
				TARGETED_DEVICE_FAMILY = 2;
				VALIDATE_PRODUCT = YES;
			};
			name = Release;
		};
		72C63FA91C7979FB009F4B1B /* Debug */ = {
			isa = XCBuildConfiguration;
			buildSettings = {
				ASSETCATALOG_COMPILER_APPICON_NAME = AppIcon;
				CODE_SIGN_IDENTITY = "iPhone Developer";
				INFOPLIST_FILE = TicTacToe/Info.plist;
				LD_RUNPATH_SEARCH_PATHS = "$(inherited) @executable_path/Frameworks";
				PRODUCT_BUNDLE_IDENTIFIER = BGHS.TicTacToe;
				PRODUCT_NAME = "$(TARGET_NAME)";
			};
			name = Debug;
		};
		72C63FAA1C7979FB009F4B1B /* Release */ = {
			isa = XCBuildConfiguration;
			buildSettings = {
				ASSETCATALOG_COMPILER_APPICON_NAME = AppIcon;
				CODE_SIGN_IDENTITY = "iPhone Developer";
				INFOPLIST_FILE = TicTacToe/Info.plist;
				LD_RUNPATH_SEARCH_PATHS = "$(inherited) @executable_path/Frameworks";
				PRODUCT_BUNDLE_IDENTIFIER = BGHS.TicTacToe;
				PRODUCT_NAME = "$(TARGET_NAME)";
			};
			name = Release;
		};
		72C63FAC1C7979FB009F4B1B /* Debug */ = {
			isa = XCBuildConfiguration;
			buildSettings = {
				BUNDLE_LOADER = "$(TEST_HOST)";
				INFOPLIST_FILE = TicTacToeTests/Info.plist;
				LD_RUNPATH_SEARCH_PATHS = "$(inherited) @executable_path/Frameworks @loader_path/Frameworks";
				PRODUCT_BUNDLE_IDENTIFIER = BGHS.TicTacToeTests;
				PRODUCT_NAME = "$(TARGET_NAME)";
				TEST_HOST = "$(BUILT_PRODUCTS_DIR)/TicTacToe.app/TicTacToe";
			};
			name = Debug;
		};
		72C63FAD1C7979FB009F4B1B /* Release */ = {
			isa = XCBuildConfiguration;
			buildSettings = {
				BUNDLE_LOADER = "$(TEST_HOST)";
				INFOPLIST_FILE = TicTacToeTests/Info.plist;
				LD_RUNPATH_SEARCH_PATHS = "$(inherited) @executable_path/Frameworks @loader_path/Frameworks";
				PRODUCT_BUNDLE_IDENTIFIER = BGHS.TicTacToeTests;
				PRODUCT_NAME = "$(TARGET_NAME)";
				TEST_HOST = "$(BUILT_PRODUCTS_DIR)/TicTacToe.app/TicTacToe";
			};
			name = Release;
		};
		72C63FAF1C7979FB009F4B1B /* Debug */ = {
			isa = XCBuildConfiguration;
			buildSettings = {
				INFOPLIST_FILE = TicTacToeUITests/Info.plist;
				LD_RUNPATH_SEARCH_PATHS = "$(inherited) @executable_path/Frameworks @loader_path/Frameworks";
				PRODUCT_BUNDLE_IDENTIFIER = BGHS.TicTacToeUITests;
				PRODUCT_NAME = "$(TARGET_NAME)";
				TEST_TARGET_NAME = TicTacToe;
				USES_XCTRUNNER = YES;
			};
			name = Debug;
		};
		72C63FB01C7979FB009F4B1B /* Release */ = {
			isa = XCBuildConfiguration;
			buildSettings = {
				INFOPLIST_FILE = TicTacToeUITests/Info.plist;
				LD_RUNPATH_SEARCH_PATHS = "$(inherited) @executable_path/Frameworks @loader_path/Frameworks";
				PRODUCT_BUNDLE_IDENTIFIER = BGHS.TicTacToeUITests;
				PRODUCT_NAME = "$(TARGET_NAME)";
				TEST_TARGET_NAME = TicTacToe;
				USES_XCTRUNNER = YES;
			};
			name = Release;
		};
/* End XCBuildConfiguration section */

/* Begin XCConfigurationList section */
		72C63F7B1C7979FA009F4B1B /* Build configuration list for PBXProject "TicTacToe" */ = {
			isa = XCConfigurationList;
			buildConfigurations = (
				72C63FA61C7979FB009F4B1B /* Debug */,
				72C63FA71C7979FB009F4B1B /* Release */,
			);
			defaultConfigurationIsVisible = 0;
			defaultConfigurationName = Release;
		};
		72C63FA81C7979FB009F4B1B /* Build configuration list for PBXNativeTarget "TicTacToe" */ = {
			isa = XCConfigurationList;
			buildConfigurations = (
				72C63FA91C7979FB009F4B1B /* Debug */,
				72C63FAA1C7979FB009F4B1B /* Release */,
			);
			defaultConfigurationIsVisible = 0;
			defaultConfigurationName = Release;
		};
		72C63FAB1C7979FB009F4B1B /* Build configuration list for PBXNativeTarget "TicTacToeTests" */ = {
			isa = XCConfigurationList;
			buildConfigurations = (
				72C63FAC1C7979FB009F4B1B /* Debug */,
				72C63FAD1C7979FB009F4B1B /* Release */,
			);
			defaultConfigurationIsVisible = 0;
			defaultConfigurationName = Release;
		};
		72C63FAE1C7979FB009F4B1B /* Build configuration list for PBXNativeTarget "TicTacToeUITests" */ = {
			isa = XCConfigurationList;
			buildConfigurations = (
				72C63FAF1C7979FB009F4B1B /* Debug */,
				72C63FB01C7979FB009F4B1B /* Release */,
			);
			defaultConfigurationIsVisible = 0;
			defaultConfigurationName = Release;
		};
/* End XCConfigurationList section */
	};
	rootObject = 72C63F781C7979FA009F4B1B /* Project object */;
}
